Microsoft Visual Studio Solution File, Format Version 12.00
# Visual Studio Version 17
VisualStudioVersion = 17.14.36221.1
MinimumVisualStudioVersion = 10.0.40219.1
Project("{FAE04EC0-301F-11D3-BF4B-00C04F79EFBC}") = "Wrok.AppHost", "Wrok.AppHost\Wrok.AppHost.csproj", "{07D71405-98A9-4CCC-8B6A-2A8D90E22631}"
EndProject
Project("{FAE04EC0-301F-11D3-BF4B-00C04F79EFBC}") = "Wrok.ServiceDefaults", "Wrok.ServiceDefaults\Wrok.ServiceDefaults.csproj", "{7479A79D-8FB7-8903-454C-EBFC0EA1CCFE}"
EndProject
Project("{2150E333-8FDC-42A3-9474-1A3956D46DE8}") = "src", "src", "{02EA681E-C7D8-13C7-8484-4AC65E1B71E8}"
EndProject
Project("{2150E333-8FDC-42A3-9474-1A3956D46DE8}") = "Wrok.Gateway", "Wrok.Gateway", "{5334EA01-89F7-4693-AA4D-6CD9C44223CE}"
EndProject
Project("{2150E333-8FDC-42A3-9474-1A3956D46DE8}") = "Solution Items", "Solution Items", "{8EC462FD-D22E-90A8-E5CE-7E832BA40C5D}"
	ProjectSection(SolutionItems) = preProject
		.editorconfig = .editorconfig
		.gitignore = .gitignore
		Directory.Build.props = Directory.Build.props
		LICENSE = LICENSE
		README.md = README.md
	EndProjectSection
EndProject
Project("{2150E333-8FDC-42A3-9474-1A3956D46DE8}") = "Wrok.Identity", "Wrok.Identity", "{746670C9-7EEB-40AA-B58C-B801F2219271}"
EndProject
Project("{FAE04EC0-301F-11D3-BF4B-00C04F79EFBC}") = "Wrok.Identity.Api", "src\Wrok.Identity\Wrok.Identity.Api\Wrok.Identity.Api.csproj", "{58AB6FA4-8C27-B793-126E-DA98C485CE39}"
EndProject
Project("{FAE04EC0-301F-11D3-BF4B-00C04F79EFBC}") = "Wrok.Identity.Domain", "src\Wrok.Identity\Wrok.Identity.Domain\Wrok.Identity.Domain.csproj", "{9CFE99E4-BD78-4798-9BFC-515546D8B212}"
EndProject
Project("{FAE04EC0-301F-11D3-BF4B-00C04F79EFBC}") = "Wrok.Identity.Application", "src\Wrok.Identity\Wrok.Identity.Application\Wrok.Identity.Application.csproj", "{0B0E0FAE-C43F-4506-9828-D222F7D86335}"
EndProject
Project("{FAE04EC0-301F-11D3-BF4B-00C04F79EFBC}") = "Wrok.Identity.Infrastructure", "src\Wrok.Identity\Wrok.Identity.Infrastructure\Wrok.Identity.Infrastructure.csproj", "{98D65165-61E9-4723-BAB9-A8ADE1921108}"
EndProject
Global
	GlobalSection(SolutionConfigurationPlatforms) = preSolution
		Debug|Any CPU = Debug|Any CPU
		Release|Any CPU = Release|Any CPU
	EndGlobalSection
	GlobalSection(ProjectConfigurationPlatforms) = postSolution
		{07D71405-98A9-4CCC-8B6A-2A8D90E22631}.Debug|Any CPU.ActiveCfg = Debug|Any CPU
		{07D71405-98A9-4CCC-8B6A-2A8D90E22631}.Debug|Any CPU.Build.0 = Debug|Any CPU
		{07D71405-98A9-4CCC-8B6A-2A8D90E22631}.Release|Any CPU.ActiveCfg = Release|Any CPU
		{07D71405-98A9-4CCC-8B6A-2A8D90E22631}.Release|Any CPU.Build.0 = Release|Any CPU
		{7479A79D-8FB7-8903-454C-EBFC0EA1CCFE}.Debug|Any CPU.ActiveCfg = Debug|Any CPU
		{7479A79D-8FB7-8903-454C-EBFC0EA1CCFE}.Debug|Any CPU.Build.0 = Debug|Any CPU
		{7479A79D-8FB7-8903-454C-EBFC0EA1CCFE}.Release|Any CPU.ActiveCfg = Release|Any CPU
		{7479A79D-8FB7-8903-454C-EBFC0EA1CCFE}.Release|Any CPU.Build.0 = Release|Any CPU
		{58AB6FA4-8C27-B793-126E-DA98C485CE39}.Debug|Any CPU.ActiveCfg = Debug|Any CPU
		{58AB6FA4-8C27-B793-126E-DA98C485CE39}.Debug|Any CPU.Build.0 = Debug|Any CPU
		{58AB6FA4-8C27-B793-126E-DA98C485CE39}.Release|Any CPU.ActiveCfg = Release|Any CPU
		{58AB6FA4-8C27-B793-126E-DA98C485CE39}.Release|Any CPU.Build.0 = Release|Any CPU
		{9CFE99E4-BD78-4798-9BFC-515546D8B212}.Debug|Any CPU.ActiveCfg = Debug|Any CPU
		{9CFE99E4-BD78-4798-9BFC-515546D8B212}.Debug|Any CPU.Build.0 = Debug|Any CPU
		{9CFE99E4-BD78-4798-9BFC-515546D8B212}.Release|Any CPU.ActiveCfg = Release|Any CPU
		{9CFE99E4-BD78-4798-9BFC-515546D8B212}.Release|Any CPU.Build.0 = Release|Any CPU
		{0B0E0FAE-C43F-4506-9828-D222F7D86335}.Debug|Any CPU.ActiveCfg = Debug|Any CPU
		{0B0E0FAE-C43F-4506-9828-D222F7D86335}.Debug|Any CPU.Build.0 = Debug|Any CPU
		{0B0E0FAE-C43F-4506-9828-D222F7D86335}.Release|Any CPU.ActiveCfg = Release|Any CPU
		{0B0E0FAE-C43F-4506-9828-D222F7D86335}.Release|Any CPU.Build.0 = Release|Any CPU
		{98D65165-61E9-4723-BAB9-A8ADE1921108}.Debug|Any CPU.ActiveCfg = Debug|Any CPU
		{98D65165-61E9-4723-BAB9-A8ADE1921108}.Debug|Any CPU.Build.0 = Debug|Any CPU
		{98D65165-61E9-4723-BAB9-A8ADE1921108}.Release|Any CPU.ActiveCfg = Release|Any CPU
		{98D65165-61E9-4723-BAB9-A8ADE1921108}.Release|Any CPU.Build.0 = Release|Any CPU
	EndGlobalSection
	GlobalSection(SolutionProperties) = preSolution
		HideSolutionNode = FALSE
	EndGlobalSection
	GlobalSection(NestedProjects) = preSolution
		{5334EA01-89F7-4693-AA4D-6CD9C44223CE} = {02EA681E-C7D8-13C7-8484-4AC65E1B71E8}
		{746670C9-7EEB-40AA-B58C-B801F2219271} = {02EA681E-C7D8-13C7-8484-4AC65E1B71E8}
		{58AB6FA4-8C27-B793-126E-DA98C485CE39} = {746670C9-7EEB-40AA-B58C-B801F2219271}
		{9CFE99E4-BD78-4798-9BFC-515546D8B212} = {746670C9-7EEB-40AA-B58C-B801F2219271}
		{0B0E0FAE-C43F-4506-9828-D222F7D86335} = {746670C9-7EEB-40AA-B58C-B801F2219271}
		{98D65165-61E9-4723-BAB9-A8ADE1921108} = {746670C9-7EEB-40AA-B58C-B801F2219271}
	EndGlobalSection
	GlobalSection(ExtensibilityGlobals) = postSolution
		SolutionGuid = {DEB48F7B-0220-4D14-9FDA-CAFB558CD2A7}
	EndGlobalSection
EndGlobal
